
Microsoft Visual Studio Solution File, Format Version 12.00
# Visual Studio Version 17
VisualStudioVersion = 17.7.34018.315
MinimumVisualStudioVersion = 10.0.40219.1
Project("{FAE04EC0-301F-11D3-BF4B-00C04F79EFBC}") = "Ejercicio4_mayor_de_tres_numeros", "Ejercicio4_mayor_de_tres_numeros.csproj", "{CFC53C46-FD37-4AD8-9D2A-025B6BAE3971}"
EndProject
Global
	GlobalSection(SolutionConfigurationPlatforms) = preSolution
		Debug|Any CPU = Debug|Any CPU
		Release|Any CPU = Release|Any CPU
	EndGlobalSection
	GlobalSection(ProjectConfigurationPlatforms) = postSolution
		{CFC53C46-FD37-4AD8-9D2A-025B6BAE3971}.Debug|Any CPU.ActiveCfg = Debug|Any CPU
		{CFC53C46-FD37-4AD8-9D2A-025B6BAE3971}.Debug|Any CPU.Build.0 = Debug|Any CPU
		{CFC53C46-FD37-4AD8-9D2A-025B6BAE3971}.Release|Any CPU.ActiveCfg = Release|Any CPU
		{CFC53C46-FD37-4AD8-9D2A-025B6BAE3971}.Release|Any CPU.Build.0 = Release|Any CPU
	EndGlobalSection
	GlobalSection(SolutionProperties) = preSolution
		HideSolutionNode = FALSE
	EndGlobalSection
	GlobalSection(ExtensibilityGlobals) = postSolution
		SolutionGuid = {1B465550-CDC1-46C1-B385-6E0DEC9E7F10}
	EndGlobalSection
EndGlobal
