
Microsoft Visual Studio Solution File, Format Version 12.00
# Visual Studio Version 17
VisualStudioVersion = 17.7.34024.191
MinimumVisualStudioVersion = 10.0.40219.1
Project("{FAE04EC0-301F-11D3-BF4B-00C04F79EFBC}") = "Ejercicio1", "Ejercicio1.csproj", "{F1AF9562-8379-4AF8-AD56-416FE25A9843}"
EndProject
Global
	GlobalSection(SolutionConfigurationPlatforms) = preSolution
		Debug|Any CPU = Debug|Any CPU
		Release|Any CPU = Release|Any CPU
	EndGlobalSection
	GlobalSection(ProjectConfigurationPlatforms) = postSolution
		{F1AF9562-8379-4AF8-AD56-416FE25A9843}.Debug|Any CPU.ActiveCfg = Debug|Any CPU
		{F1AF9562-8379-4AF8-AD56-416FE25A9843}.Debug|Any CPU.Build.0 = Debug|Any CPU
		{F1AF9562-8379-4AF8-AD56-416FE25A9843}.Release|Any CPU.ActiveCfg = Release|Any CPU
		{F1AF9562-8379-4AF8-AD56-416FE25A9843}.Release|Any CPU.Build.0 = Release|Any CPU
	EndGlobalSection
	GlobalSection(SolutionProperties) = preSolution
		HideSolutionNode = FALSE
	EndGlobalSection
	GlobalSection(ExtensibilityGlobals) = postSolution
		SolutionGuid = {D2D32791-F261-4DBB-8CE3-E50CA8653375}
	EndGlobalSection
EndGlobal
